
Microsoft Visual Studio Solution File, Format Version 12.00
# Visual Studio Version 17
VisualStudioVersion = 17.7.34024.191
MinimumVisualStudioVersion = 10.0.40219.1
Project("{9A19103F-16F7-4668-BE54-9A1E7A4F7556}") = "CPlugin.Net.Attributes", "src\Attributes\CPlugin.Net.Attributes.csproj", "{D9737294-F5EA-4EA0-8BF2-2BF5C3954DD9}"
EndProject
Project("{9A19103F-16F7-4668-BE54-9A1E7A4F7556}") = "CPlugin.Net", "src\Core\CPlugin.Net.csproj", "{116B353F-FC68-4412-8A2D-34DA0BE88060}"
EndProject
Project("{9A19103F-16F7-4668-BE54-9A1E7A4F7556}") = "CPlugin.Net.Tests", "tests\CPlugin.Net\CPlugin.Net.Tests.csproj", "{2F9DE570-146C-44E3-BF2F-14CFA5C3803F}"
EndProject
Project("{9A19103F-16F7-4668-BE54-9A1E7A4F7556}") = "Example.Contracts", "samples\Contracts\Example.Contracts.csproj", "{BBDE7F3C-2A41-40B6-B609-839D09676D0E}"
EndProject
Project("{9A19103F-16F7-4668-BE54-9A1E7A4F7556}") = "Example.HostConsoleApp", "samples\HostApplications\ConsoleApp\Example.HostConsoleApp.csproj", "{3E943746-09CD-430E-9BBF-67DBBF9F5CEF}"
EndProject
Project("{9A19103F-16F7-4668-BE54-9A1E7A4F7556}") = "Example.HostWebApi", "samples\HostApplications\WebApi\Example.HostWebApi.csproj", "{C221B4F0-857F-4380-B5AD-E4B2BBA65622}"
EndProject
Project("{9A19103F-16F7-4668-BE54-9A1E7A4F7556}") = "Example.SharedEntities", "samples\SharedEntities\Example.SharedEntities.csproj", "{F66A1430-3F32-4E25-8966-54D502D216DE}"
EndProject
Project("{9A19103F-16F7-4668-BE54-9A1E7A4F7556}") = "Example.JsonPlugin", "samples\Plugins\JsonPlugin\Example.JsonPlugin.csproj", "{C5B8EF73-7DB5-441F-AE38-0988751A896B}"
EndProject
Project("{9A19103F-16F7-4668-BE54-9A1E7A4F7556}") = "Example.OldJsonPlugin", "samples\Plugins\OldJsonPlugin\Example.OldJsonPlugin.csproj", "{1ADE3B86-00EF-4976-8B67-09B360B149FA}"
EndProject
Project("{9A19103F-16F7-4668-BE54-9A1E7A4F7556}") = "Example.AppointmentPlugin", "samples\Plugins\AppointmentPlugin\Example.AppointmentPlugin.csproj", "{2832E5C3-660E-49B9-8E62-03B11A8CC6D7}"
EndProject
Project("{9A19103F-16F7-4668-BE54-9A1E7A4F7556}") = "Example.PersonPlugin", "samples\Plugins\PersonPlugin\Example.PersonPlugin.csproj", "{18534944-583B-4924-AC5B-E0655FD92AAC}"
EndProject
Project("{9A19103F-16F7-4668-BE54-9A1E7A4F7556}") = "TestProject.JsonPlugin", "tests\Plugins\TestProject.JsonPlugin\TestProject.JsonPlugin.csproj", "{0F27C776-F284-4C94-86C9-0FF089245E13}"
EndProject
Project("{9A19103F-16F7-4668-BE54-9A1E7A4F7556}") = "TestProject.OldJsonPlugin", "tests\Plugins\TestProject.OldJsonPlugin\TestProject.OldJsonPlugin.csproj", "{BCE8FA91-AF31-49DD-BED8-E60A46915400}"
EndProject
Project("{9A19103F-16F7-4668-BE54-9A1E7A4F7556}") = "TestProject.WebPlugin", "tests\Plugins\TestProject.WebPlugin\TestProject.WebPlugin.csproj", "{C6EC1C5D-15E7-44BD-8E03-8CF9A033DE25}"
EndProject
Project("{9A19103F-16F7-4668-BE54-9A1E7A4F7556}") = "TestProject.HelloPlugin", "tests\Plugins\TestProject.HelloPlugin\TestProject.HelloPlugin.csproj", "{E2373A36-6D3E-44DE-99FF-4CC019E05D06}"
EndProject
Project("{9A19103F-16F7-4668-BE54-9A1E7A4F7556}") = "TestProject.Contracts", "tests\TestProject.Contracts\TestProject.Contracts.csproj", "{FEE1E508-3313-4C7A-A7E6-5EBA8D47D3FD}"
EndProject
Project("{9A19103F-16F7-4668-BE54-9A1E7A4F7556}") = "TestProject.PluginHost", "tests\TestProject.PluginHost\TestProject.PluginHost.csproj", "{0BCD3305-F0D5-43E6-B879-EEF0827558A8}"
EndProject
Project("{2150E333-8FDC-42A3-9474-1A3956D46DE8}") = "Solution Items", "Solution Items", "{DA150C23-F1A9-42CF-899C-6C4E6B940E72}"
	ProjectSection(SolutionItems) = preProject
		Directory.Build.props = Directory.Build.props
		samples\Plugins\Directory.Build.props = samples\Plugins\Directory.Build.props
		tests\Plugins\Directory.Build.props = tests\Plugins\Directory.Build.props
		Directory.Packages.props = Directory.Packages.props
		tests\CPlugin.Net\PluginProjectRef.targets = tests\CPlugin.Net\PluginProjectRef.targets
	EndProjectSection
EndProject
Global
	GlobalSection(SolutionConfigurationPlatforms) = preSolution
		Debug|Any CPU = Debug|Any CPU
		Release|Any CPU = Release|Any CPU
	EndGlobalSection
	GlobalSection(ProjectConfigurationPlatforms) = postSolution
		{D9737294-F5EA-4EA0-8BF2-2BF5C3954DD9}.Debug|Any CPU.ActiveCfg = Debug|Any CPU
		{D9737294-F5EA-4EA0-8BF2-2BF5C3954DD9}.Debug|Any CPU.Build.0 = Debug|Any CPU
		{D9737294-F5EA-4EA0-8BF2-2BF5C3954DD9}.Release|Any CPU.ActiveCfg = Release|Any CPU
		{D9737294-F5EA-4EA0-8BF2-2BF5C3954DD9}.Release|Any CPU.Build.0 = Release|Any CPU
		{116B353F-FC68-4412-8A2D-34DA0BE88060}.Debug|Any CPU.ActiveCfg = Debug|Any CPU
		{116B353F-FC68-4412-8A2D-34DA0BE88060}.Debug|Any CPU.Build.0 = Debug|Any CPU
		{116B353F-FC68-4412-8A2D-34DA0BE88060}.Release|Any CPU.ActiveCfg = Release|Any CPU
		{116B353F-FC68-4412-8A2D-34DA0BE88060}.Release|Any CPU.Build.0 = Release|Any CPU
		{2F9DE570-146C-44E3-BF2F-14CFA5C3803F}.Debug|Any CPU.ActiveCfg = Debug|Any CPU
		{2F9DE570-146C-44E3-BF2F-14CFA5C3803F}.Debug|Any CPU.Build.0 = Debug|Any CPU
		{2F9DE570-146C-44E3-BF2F-14CFA5C3803F}.Release|Any CPU.ActiveCfg = Release|Any CPU
		{2F9DE570-146C-44E3-BF2F-14CFA5C3803F}.Release|Any CPU.Build.0 = Release|Any CPU
		{BBDE7F3C-2A41-40B6-B609-839D09676D0E}.Debug|Any CPU.ActiveCfg = Debug|Any CPU
		{BBDE7F3C-2A41-40B6-B609-839D09676D0E}.Debug|Any CPU.Build.0 = Debug|Any CPU
		{BBDE7F3C-2A41-40B6-B609-839D09676D0E}.Release|Any CPU.ActiveCfg = Release|Any CPU
		{BBDE7F3C-2A41-40B6-B609-839D09676D0E}.Release|Any CPU.Build.0 = Release|Any CPU
		{3E943746-09CD-430E-9BBF-67DBBF9F5CEF}.Debug|Any CPU.ActiveCfg = Debug|Any CPU
		{3E943746-09CD-430E-9BBF-67DBBF9F5CEF}.Debug|Any CPU.Build.0 = Debug|Any CPU
		{3E943746-09CD-430E-9BBF-67DBBF9F5CEF}.Release|Any CPU.ActiveCfg = Release|Any CPU
		{3E943746-09CD-430E-9BBF-67DBBF9F5CEF}.Release|Any CPU.Build.0 = Release|Any CPU
		{C221B4F0-857F-4380-B5AD-E4B2BBA65622}.Debug|Any CPU.ActiveCfg = Debug|Any CPU
		{C221B4F0-857F-4380-B5AD-E4B2BBA65622}.Debug|Any CPU.Build.0 = Debug|Any CPU
		{C221B4F0-857F-4380-B5AD-E4B2BBA65622}.Release|Any CPU.ActiveCfg = Release|Any CPU
		{C221B4F0-857F-4380-B5AD-E4B2BBA65622}.Release|Any CPU.Build.0 = Release|Any CPU
		{F66A1430-3F32-4E25-8966-54D502D216DE}.Debug|Any CPU.ActiveCfg = Debug|Any CPU
		{F66A1430-3F32-4E25-8966-54D502D216DE}.Debug|Any CPU.Build.0 = Debug|Any CPU
		{F66A1430-3F32-4E25-8966-54D502D216DE}.Release|Any CPU.ActiveCfg = Release|Any CPU
		{F66A1430-3F32-4E25-8966-54D502D216DE}.Release|Any CPU.Build.0 = Release|Any CPU
		{C5B8EF73-7DB5-441F-AE38-0988751A896B}.Debug|Any CPU.ActiveCfg = Debug|Any CPU
		{C5B8EF73-7DB5-441F-AE38-0988751A896B}.Debug|Any CPU.Build.0 = Debug|Any CPU
		{C5B8EF73-7DB5-441F-AE38-0988751A896B}.Release|Any CPU.ActiveCfg = Release|Any CPU
		{C5B8EF73-7DB5-441F-AE38-0988751A896B}.Release|Any CPU.Build.0 = Release|Any CPU
		{1ADE3B86-00EF-4976-8B67-09B360B149FA}.Debug|Any CPU.ActiveCfg = Debug|Any CPU
		{1ADE3B86-00EF-4976-8B67-09B360B149FA}.Debug|Any CPU.Build.0 = Debug|Any CPU
		{1ADE3B86-00EF-4976-8B67-09B360B149FA}.Release|Any CPU.ActiveCfg = Release|Any CPU
		{1ADE3B86-00EF-4976-8B67-09B360B149FA}.Release|Any CPU.Build.0 = Release|Any CPU
		{2832E5C3-660E-49B9-8E62-03B11A8CC6D7}.Debug|Any CPU.ActiveCfg = Debug|Any CPU
		{2832E5C3-660E-49B9-8E62-03B11A8CC6D7}.Debug|Any CPU.Build.0 = Debug|Any CPU
		{2832E5C3-660E-49B9-8E62-03B11A8CC6D7}.Release|Any CPU.ActiveCfg = Release|Any CPU
		{2832E5C3-660E-49B9-8E62-03B11A8CC6D7}.Release|Any CPU.Build.0 = Release|Any CPU
		{18534944-583B-4924-AC5B-E0655FD92AAC}.Debug|Any CPU.ActiveCfg = Debug|Any CPU
		{18534944-583B-4924-AC5B-E0655FD92AAC}.Debug|Any CPU.Build.0 = Debug|Any CPU
		{18534944-583B-4924-AC5B-E0655FD92AAC}.Release|Any CPU.ActiveCfg = Release|Any CPU
		{18534944-583B-4924-AC5B-E0655FD92AAC}.Release|Any CPU.Build.0 = Release|Any CPU
		{0F27C776-F284-4C94-86C9-0FF089245E13}.Debug|Any CPU.ActiveCfg = Debug|Any CPU
		{0F27C776-F284-4C94-86C9-0FF089245E13}.Debug|Any CPU.Build.0 = Debug|Any CPU
		{0F27C776-F284-4C94-86C9-0FF089245E13}.Release|Any CPU.ActiveCfg = Release|Any CPU
		{0F27C776-F284-4C94-86C9-0FF089245E13}.Release|Any CPU.Build.0 = Release|Any CPU
		{BCE8FA91-AF31-49DD-BED8-E60A46915400}.Debug|Any CPU.ActiveCfg = Debug|Any CPU
		{BCE8FA91-AF31-49DD-BED8-E60A46915400}.Debug|Any CPU.Build.0 = Debug|Any CPU
		{BCE8FA91-AF31-49DD-BED8-E60A46915400}.Release|Any CPU.ActiveCfg = Release|Any CPU
		{BCE8FA91-AF31-49DD-BED8-E60A46915400}.Release|Any CPU.Build.0 = Release|Any CPU
		{C6EC1C5D-15E7-44BD-8E03-8CF9A033DE25}.Debug|Any CPU.ActiveCfg = Debug|Any CPU
		{C6EC1C5D-15E7-44BD-8E03-8CF9A033DE25}.Debug|Any CPU.Build.0 = Debug|Any CPU
		{C6EC1C5D-15E7-44BD-8E03-8CF9A033DE25}.Release|Any CPU.ActiveCfg = Release|Any CPU
		{C6EC1C5D-15E7-44BD-8E03-8CF9A033DE25}.Release|Any CPU.Build.0 = Release|Any CPU
		{E2373A36-6D3E-44DE-99FF-4CC019E05D06}.Debug|Any CPU.ActiveCfg = Debug|Any CPU
		{E2373A36-6D3E-44DE-99FF-4CC019E05D06}.Debug|Any CPU.Build.0 = Debug|Any CPU
		{E2373A36-6D3E-44DE-99FF-4CC019E05D06}.Release|Any CPU.ActiveCfg = Release|Any CPU
		{E2373A36-6D3E-44DE-99FF-4CC019E05D06}.Release|Any CPU.Build.0 = Release|Any CPU
		{FEE1E508-3313-4C7A-A7E6-5EBA8D47D3FD}.Debug|Any CPU.ActiveCfg = Debug|Any CPU
		{FEE1E508-3313-4C7A-A7E6-5EBA8D47D3FD}.Debug|Any CPU.Build.0 = Debug|Any CPU
		{FEE1E508-3313-4C7A-A7E6-5EBA8D47D3FD}.Release|Any CPU.ActiveCfg = Release|Any CPU
		{FEE1E508-3313-4C7A-A7E6-5EBA8D47D3FD}.Release|Any CPU.Build.0 = Release|Any CPU
		{0BCD3305-F0D5-43E6-B879-EEF0827558A8}.Debug|Any CPU.ActiveCfg = Debug|Any CPU
		{0BCD3305-F0D5-43E6-B879-EEF0827558A8}.Debug|Any CPU.Build.0 = Debug|Any CPU
		{0BCD3305-F0D5-43E6-B879-EEF0827558A8}.Release|Any CPU.ActiveCfg = Release|Any CPU
		{0BCD3305-F0D5-43E6-B879-EEF0827558A8}.Release|Any CPU.Build.0 = Release|Any CPU
	EndGlobalSection
	GlobalSection(SolutionProperties) = preSolution
		HideSolutionNode = FALSE
	EndGlobalSection
	GlobalSection(ExtensibilityGlobals) = postSolution
		SolutionGuid = {67EE578E-EE0A-4E98-AE5A-1771751D8B5F}
	EndGlobalSection
EndGlobal
